
Microsoft Visual Studio Solution File, Format Version 12.00
# Visual Studio Version 16
VisualStudioVersion = 16.0.28922.388
MinimumVisualStudioVersion = 10.0.40219.1
Project("{FAE04EC0-301F-11D3-BF4B-00C04F79EFBC}") = "NBKey", "NBKey\NBKey.csproj", "{078C5D54-1AFF-406D-9148-E1ABCA78366A}"
EndProject
Project("{FAE04EC0-301F-11D3-BF4B-00C04F79EFBC}") = "NBKeyLogin", "..\NBKeyLogin\NBKeyLogin.csproj", "{65FDB860-3B88-4A54-98D6-39FD07E25E28}"
EndProject
Global
	GlobalSection(SolutionConfigurationPlatforms) = preSolution
		Debug|Any CPU = Debug|Any CPU
		Release|Any CPU = Release|Any CPU
	EndGlobalSection
	GlobalSection(ProjectConfigurationPlatforms) = postSolution
		{078C5D54-1AFF-406D-9148-E1ABCA78366A}.Debug|Any CPU.ActiveCfg = Debug|Any CPU
		{078C5D54-1AFF-406D-9148-E1ABCA78366A}.Debug|Any CPU.Build.0 = Debug|Any CPU
		{078C5D54-1AFF-406D-9148-E1ABCA78366A}.Release|Any CPU.ActiveCfg = Release|Any CPU
		{078C5D54-1AFF-406D-9148-E1ABCA78366A}.Release|Any CPU.Build.0 = Release|Any CPU
		{65FDB860-3B88-4A54-98D6-39FD07E25E28}.Debug|Any CPU.ActiveCfg = Debug|Any CPU
		{65FDB860-3B88-4A54-98D6-39FD07E25E28}.Debug|Any CPU.Build.0 = Debug|Any CPU
		{65FDB860-3B88-4A54-98D6-39FD07E25E28}.Release|Any CPU.ActiveCfg = Release|Any CPU
		{65FDB860-3B88-4A54-98D6-39FD07E25E28}.Release|Any CPU.Build.0 = Release|Any CPU
	EndGlobalSection
	GlobalSection(SolutionProperties) = preSolution
		HideSolutionNode = FALSE
	EndGlobalSection
	GlobalSection(ExtensibilityGlobals) = postSolution
		SolutionGuid = {B8C88072-887D-4B6C-B5FF-2E0932E72D3B}
	EndGlobalSection
EndGlobal
